
Microsoft Visual Studio Solution File, Format Version 12.00
# Visual Studio Version 16
VisualStudioVersion = 16.0.34031.81
MinimumVisualStudioVersion = 10.0.40219.1
Project("{8BC9CEB8-8B4A-11D0-8D11-00A0C91BC942}") = "lab6.1pek", "lab6.1pek\lab6.1pek.vcxproj", "{EAA8A4E7-EDA4-48A0-B633-FC1506ACD3D9}"
EndProject
Project("{8BC9CEB8-8B4A-11D0-8D11-00A0C91BC942}") = "UnitTest6.1rek", "UnitTest6.1rek\UnitTest6.1rek.vcxproj", "{E802CD14-DA35-4256-9047-AE5E049283F4}"
EndProject
Global
	GlobalSection(SolutionConfigurationPlatforms) = preSolution
		Debug|x64 = Debug|x64
		Debug|x86 = Debug|x86
		Release|x64 = Release|x64
		Release|x86 = Release|x86
	EndGlobalSection
	GlobalSection(ProjectConfigurationPlatforms) = postSolution
		{EAA8A4E7-EDA4-48A0-B633-FC1506ACD3D9}.Debug|x64.ActiveCfg = Debug|x64
		{EAA8A4E7-EDA4-48A0-B633-FC1506ACD3D9}.Debug|x64.Build.0 = Debug|x64
		{EAA8A4E7-EDA4-48A0-B633-FC1506ACD3D9}.Debug|x86.ActiveCfg = Debug|Win32
		{EAA8A4E7-EDA4-48A0-B633-FC1506ACD3D9}.Debug|x86.Build.0 = Debug|Win32
		{EAA8A4E7-EDA4-48A0-B633-FC1506ACD3D9}.Release|x64.ActiveCfg = Release|x64
		{EAA8A4E7-EDA4-48A0-B633-FC1506ACD3D9}.Release|x64.Build.0 = Release|x64
		{EAA8A4E7-EDA4-48A0-B633-FC1506ACD3D9}.Release|x86.ActiveCfg = Release|Win32
		{EAA8A4E7-EDA4-48A0-B633-FC1506ACD3D9}.Release|x86.Build.0 = Release|Win32
		{E802CD14-DA35-4256-9047-AE5E049283F4}.Debug|x64.ActiveCfg = Debug|x64
		{E802CD14-DA35-4256-9047-AE5E049283F4}.Debug|x64.Build.0 = Debug|x64
		{E802CD14-DA35-4256-9047-AE5E049283F4}.Debug|x86.ActiveCfg = Debug|Win32
		{E802CD14-DA35-4256-9047-AE5E049283F4}.Debug|x86.Build.0 = Debug|Win32
		{E802CD14-DA35-4256-9047-AE5E049283F4}.Release|x64.ActiveCfg = Release|x64
		{E802CD14-DA35-4256-9047-AE5E049283F4}.Release|x64.Build.0 = Release|x64
		{E802CD14-DA35-4256-9047-AE5E049283F4}.Release|x86.ActiveCfg = Release|Win32
		{E802CD14-DA35-4256-9047-AE5E049283F4}.Release|x86.Build.0 = Release|Win32
	EndGlobalSection
	GlobalSection(SolutionProperties) = preSolution
		HideSolutionNode = FALSE
	EndGlobalSection
	GlobalSection(ExtensibilityGlobals) = postSolution
		SolutionGuid = {5924B933-6EC6-4DFD-8BD1-CDE84444E772}
	EndGlobalSection
EndGlobal
